
Microsoft Visual Studio Solution File, Format Version 12.00
# Visual Studio Version 17
VisualStudioVersion = 17.9.34728.123
MinimumVisualStudioVersion = 10.0.40219.1
Project("{FAE04EC0-301F-11D3-BF4B-00C04F79EFBC}") = "NerdAcademy.API", "NerdAcademy.API\NerdAcademy.API.csproj", "{22DD9A92-19AD-4E8B-A3AC-690650356CDB}"
EndProject
Project("{FAE04EC0-301F-11D3-BF4B-00C04F79EFBC}") = "NerdAcademy.Data", "NerdAcademy.Data\NerdAcademy.Data.csproj", "{CC5CC90A-82A6-4652-9EED-2D88AECAC7F7}"
EndProject
Project("{FAE04EC0-301F-11D3-BF4B-00C04F79EFBC}") = "NerdAcademy.Business", "NerdAcademy.Business\NerdAcademy.Business.csproj", "{D33582E7-88CB-4023-914B-DF573699CD41}"
EndProject
Project("{9A19103F-16F7-4668-BE54-9A1E7A4F7556}") = "NerdAcademy.Tests", "NerdAcademy.Tests\NerdAcademy.Tests.csproj", "{88C5A864-DEA7-4DA2-A039-1E6319212435}"
EndProject
Global
	GlobalSection(SolutionConfigurationPlatforms) = preSolution
		Debug|Any CPU = Debug|Any CPU
		Release|Any CPU = Release|Any CPU
	EndGlobalSection
	GlobalSection(ProjectConfigurationPlatforms) = postSolution
		{22DD9A92-19AD-4E8B-A3AC-690650356CDB}.Debug|Any CPU.ActiveCfg = Debug|Any CPU
		{22DD9A92-19AD-4E8B-A3AC-690650356CDB}.Debug|Any CPU.Build.0 = Debug|Any CPU
		{22DD9A92-19AD-4E8B-A3AC-690650356CDB}.Release|Any CPU.ActiveCfg = Release|Any CPU
		{22DD9A92-19AD-4E8B-A3AC-690650356CDB}.Release|Any CPU.Build.0 = Release|Any CPU
		{CC5CC90A-82A6-4652-9EED-2D88AECAC7F7}.Debug|Any CPU.ActiveCfg = Debug|Any CPU
		{CC5CC90A-82A6-4652-9EED-2D88AECAC7F7}.Debug|Any CPU.Build.0 = Debug|Any CPU
		{CC5CC90A-82A6-4652-9EED-2D88AECAC7F7}.Release|Any CPU.ActiveCfg = Release|Any CPU
		{CC5CC90A-82A6-4652-9EED-2D88AECAC7F7}.Release|Any CPU.Build.0 = Release|Any CPU
		{D33582E7-88CB-4023-914B-DF573699CD41}.Debug|Any CPU.ActiveCfg = Debug|Any CPU
		{D33582E7-88CB-4023-914B-DF573699CD41}.Debug|Any CPU.Build.0 = Debug|Any CPU
		{D33582E7-88CB-4023-914B-DF573699CD41}.Release|Any CPU.ActiveCfg = Release|Any CPU
		{D33582E7-88CB-4023-914B-DF573699CD41}.Release|Any CPU.Build.0 = Release|Any CPU
		{88C5A864-DEA7-4DA2-A039-1E6319212435}.Debug|Any CPU.ActiveCfg = Debug|Any CPU
		{88C5A864-DEA7-4DA2-A039-1E6319212435}.Debug|Any CPU.Build.0 = Debug|Any CPU
		{88C5A864-DEA7-4DA2-A039-1E6319212435}.Release|Any CPU.ActiveCfg = Release|Any CPU
		{88C5A864-DEA7-4DA2-A039-1E6319212435}.Release|Any CPU.Build.0 = Release|Any CPU
	EndGlobalSection
	GlobalSection(SolutionProperties) = preSolution
		HideSolutionNode = FALSE
	EndGlobalSection
	GlobalSection(ExtensibilityGlobals) = postSolution
		SolutionGuid = {8335F352-A291-425F-897C-5B986C2E7146}
	EndGlobalSection
EndGlobal
